{
    "_meta": {
        "hash": {
            "sha256": "31e17dd7c70e9583b1b8830bc62b617e046d9249b25c2a7037249f66ad64cf20"
        },
        "pipfile-spec": 6,
        "requires": {
            "python_version": "3.12"
        },
        "sources": [
            {
                "name": "pypi",
                "url": "https://pypi.org/simple",
                "verify_ssl": true
            }
        ]
    },
    "default": {
        "setuptools": {
            "hashes": [
                "sha256:6c1fccdac05a97e598fb0ae3bbed5904ccb317337a51139dcd51453611bbb987",
                "sha256:c636ac361bc47580504644275c9ad802c50415c7522212252c033bd15f301f32"
            ],
            "index": "pypi",
            "markers": "python_version >= '3.8'",
            "version": "==69.5.1"
        }
    },
    "develop": {}
}
